
Microsoft Visual Studio Solution File, Format Version 12.00
# Visual Studio Version 17
VisualStudioVersion = 17.5.002.0
MinimumVisualStudioVersion = 10.0.40219.1
Project("{2150E333-8FDC-42A3-9474-1A3956D46DE8}") = "src", "src", "{CB99B3AB-AA01-488E-99BB-58DE6C718DF4}"
EndProject
Project("{9A19103F-16F7-4668-BE54-9A1E7A4F7556}") = "InsightHub", "src\InsightHub\InsightHub.csproj", "{CE012A7F-6B60-4E41-9140-2C75AA05DDD2}"
EndProject
Global
	GlobalSection(SolutionConfigurationPlatforms) = preSolution
		Debug|Any CPU = Debug|Any CPU
		Release|Any CPU = Release|Any CPU
	EndGlobalSection
	GlobalSection(ProjectConfigurationPlatforms) = postSolution
		{CE012A7F-6B60-4E41-9140-2C75AA05DDD2}.Debug|Any CPU.ActiveCfg = Debug|Any CPU
		{CE012A7F-6B60-4E41-9140-2C75AA05DDD2}.Debug|Any CPU.Build.0 = Debug|Any CPU
		{CE012A7F-6B60-4E41-9140-2C75AA05DDD2}.Release|Any CPU.ActiveCfg = Release|Any CPU
		{CE012A7F-6B60-4E41-9140-2C75AA05DDD2}.Release|Any CPU.Build.0 = Release|Any CPU
	EndGlobalSection
	GlobalSection(SolutionProperties) = preSolution
		HideSolutionNode = FALSE
	EndGlobalSection
	GlobalSection(NestedProjects) = preSolution
		{CE012A7F-6B60-4E41-9140-2C75AA05DDD2} = {CB99B3AB-AA01-488E-99BB-58DE6C718DF4}
	EndGlobalSection
	GlobalSection(ExtensibilityGlobals) = postSolution
		SolutionGuid = {6CCC43FB-2F7F-4373-9AE0-56F3AA47E2BC}
	EndGlobalSection
EndGlobal
